PODS:
  - Capacitor (7.4.3):
    - CapacitorCordova
  - CapacitorApp (7.0.2):
    - Capacitor
  - CapacitorCordova (7.4.3)
  - CapacitorPushNotifications (7.0.2):
    - Capacitor
  - CapacitorStatusBar (7.0.2):
    - Capacitor
  - CordovaPlugins (6.2.1):
    - CapacitorCordova
  - CordovaPluginsResources (0.0.105)

DEPENDENCIES:
  - "Capacitor (from `../../node_modules/@capacitor/ios`)"
  - "CapacitorApp (from `../../node_modules/@capacitor/app`)"
  - "CapacitorCordova (from `../../node_modules/@capacitor/ios`)"
  - "CapacitorPushNotifications (from `../../node_modules/@capacitor/push-notifications`)"
  - "CapacitorStatusBar (from `../../node_modules/@capacitor/status-bar`)"
  - CordovaPlugins (from `../capacitor-cordova-ios-plugins`)
  - CordovaPluginsResources (from `../capacitor-cordova-ios-plugins`)

EXTERNAL SOURCES:
  Capacitor:
    :path: "../../node_modules/@capacitor/ios"
  CapacitorApp:
    :path: "../../node_modules/@capacitor/app"
  CapacitorCordova:
    :path: "../../node_modules/@capacitor/ios"
  CapacitorPushNotifications:
    :path: "../../node_modules/@capacitor/push-notifications"
  CapacitorStatusBar:
    :path: "../../node_modules/@capacitor/status-bar"
  CordovaPlugins:
    :path: "../capacitor-cordova-ios-plugins"
  CordovaPluginsResources:
    :path: "../capacitor-cordova-ios-plugins"

SPEC CHECKSUMS:
  Capacitor: 28d6c01026a9a3f7156529498ec1f389a2a28dbc
  CapacitorApp: 1f6922c9c5c8b1c538d7fbe92ebe44a81b34bed3
  CapacitorCordova: 435121e81a2df4d0034f0fb11fcefab5104cfdb5
  CapacitorPushNotifications: 7c0659b349b149ee3936a682da31a9d269de9582
  CapacitorStatusBar: e04d05e121d5a5979c29eb4249186a4e4a84cacb
  CordovaPlugins: 74424ae40c53bd1d0c7733fde9ef04717df187ff
  CordovaPluginsResources: 0c211f770ed91763a179ebcd9b9346e120b70662

PODFILE CHECKSUM: 6aecb3f397a41703d820ffe8694dd3296b9f2fb1

COCOAPODS: 1.16.2
